// !$*UTF8*$!
{
	archiveVersion = 1;
	classes = {
	};
	objectVersion = 46;
	objects = {

/* Begin PBXBuildFile section */
		9F5030411CA30CC50018AEC7 /* main.m in Sources */ = {isa = PBXBuildFile; fileRef = 9F5030401CA30CC50018AEC7 /* main.m */; };
		9F5030491CA30CF20018AEC7 /* CustomClass.m in Sources */ = {isa = PBXBuildFile; fileRef = 9F5030481CA30CF20018AEC7 /* CustomClass.m */; };
		9F50304C1CA30D550018AEC7 /* CustomClassOther.m in Sources */ = {isa = PBXBuildFile; fileRef = 9F50304B1CA30D550018AEC7 /* CustomClassOther.m */; };
		9F50304F1CA30DBB0018AEC7 /* ClassPropertyTest.m in Sources */ = {isa = PBXBuildFile; fileRef = 9F50304E1CA30DBB0018AEC7 /* ClassPropertyTest.m */; };
/* End PBXBuildFile section */

/* Begin PBXCopyFilesBuildPhase section */
		9F50303B1CA30CC50018AEC7 /* CopyFiles */ = {
			isa = PBXCopyFilesBuildPhase;
			buildActionMask = 2147483647;
			dstPath = /usr/share/man/man1/;
			dstSubfolderSpec = 0;
			files = (
			);
			runOnlyForDeploymentPostprocessing = 1;
		};
/* End PBXCopyFilesBuildPhase section */

/* Begin PBXFileReference section */
		9F50303D1CA30CC50018AEC7 /* runTimeDemo2 */ = {isa = PBXFileReference; explicitFileType = "compiled.mach-o.executable"; includeInIndex = 0; path = runTimeDemo2; sourceTree = BUILT_PRODUCTS_DIR; };
		9F5030401CA30CC50018AEC7 /* main.m */ = {isa = PBXFileReference; lastKnownFileType = sourcecode.c.objc; path = main.m; sourceTree = "<group>"; };
		9F5030471CA30CF20018AEC7 /* CustomClass.h */ = {isa = PBXFileReference; fileEncoding = 4; lastKnownFileType = sourcecode.c.h; path = CustomClass.h; sourceTree = "<group>"; };
		9F5030481CA30CF20018AEC7 /* CustomClass.m */ = {isa = PBXFileReference; fileEncoding = 4; lastKnownFileType = sourcecode.c.objc; path = CustomClass.m; sourceTree = "<group>"; };
		9F50304A1CA30D550018AEC7 /* CustomClassOther.h */ = {isa = PBXFileReference; fileEncoding = 4; lastKnownFileType = sourcecode.c.h; path = CustomClassOther.h; sourceTree = "<group>"; };
		9F50304B1CA30D550018AEC7 /* CustomClassOther.m */ = {isa = PBXFileReference; fileEncoding = 4; lastKnownFileType = sourcecode.c.objc; path = CustomClassOther.m; sourceTree = "<group>"; };
		9F50304D1CA30DBB0018AEC7 /* ClassPropertyTest.h */ = {isa = PBXFileReference; fileEncoding = 4; lastKnownFileType = sourcecode.c.h; path = ClassPropertyTest.h; sourceTree = "<group>"; };
		9F50304E1CA30DBB0018AEC7 /* ClassPropertyTest.m */ = {isa = PBXFileReference; fileEncoding = 4; lastKnownFileType = sourcecode.c.objc; path = ClassPropertyTest.m; sourceTree = "<group>"; };
/* End PBXFileReference section */

/* Begin PBXFrameworksBuildPhase section */
		9F50303A1CA30CC50018AEC7 /* Frameworks */ = {
			isa = PBXFrameworksBuildPhase;
			buildActionMask = 2147483647;
			files = (
			);
			runOnlyForDeploymentPostprocessing = 0;
		};
/* End PBXFrameworksBuildPhase section */

/* Begin PBXGroup section */
		9F5030341CA30CC50018AEC7 = {
			isa = PBXGroup;
			children = (
				9F50303F1CA30CC50018AEC7 /* runTimeDemo2 */,
				9F50303E1CA30CC50018AEC7 /* Products */,
			);
			sourceTree = "<group>";
		};
		9F50303E1CA30CC50018AEC7 /* Products */ = {
			isa = PBXGroup;
			children = (
				9F50303D1CA30CC50018AEC7 /* runTimeDemo2 */,
			);
			name = Products;
			sourceTree = "<group>";
		};
		9F50303F1CA30CC50018AEC7 /* runTimeDemo2 */ = {
			isa = PBXGroup;
			children = (
				9F5030401CA30CC50018AEC7 /* main.m */,
				9F5030471CA30CF20018AEC7 /* CustomClass.h */,
				9F5030481CA30CF20018AEC7 /* CustomClass.m */,
				9F50304A1CA30D550018AEC7 /* CustomClassOther.h */,
				9F50304B1CA30D550018AEC7 /* CustomClassOther.m */,
				9F50304D1CA30DBB0018AEC7 /* ClassPropertyTest.h */,
				9F50304E1CA30DBB0018AEC7 /* ClassPropertyTest.m */,
			);
			path = runTimeDemo2;
			sourceTree = "<group>";
		};
/* End PBXGroup section */

/* Begin PBXNativeTarget section */
		9F50303C1CA30CC50018AEC7 /* runTimeDemo2 */ = {
			isa = PBXNativeTarget;
			buildConfigurationList = 9F5030441CA30CC50018AEC7 /* Build configuration list for PBXNativeTarget "runTimeDemo2" */;
			buildPhases = (
				9F5030391CA30CC50018AEC7 /* Sources */,
				9F50303A1CA30CC50018AEC7 /* Frameworks */,
				9F50303B1CA30CC50018AEC7 /* CopyFiles */,
			);
			buildRules = (
			);
			dependencies = (
			);
			name = runTimeDemo2;
			productName = runTimeDemo2;
			productReference = 9F50303D1CA30CC50018AEC7 /* runTimeDemo2 */;
			productType = "com.apple.product-type.tool";
		};
/* End PBXNativeTarget section */

/* Begin PBXProject section */
		9F5030351CA30CC50018AEC7 /* Project object */ = {
			isa = PBXProject;
			attributes = {
				LastUpgradeCheck = 0720;
				ORGANIZATIONNAME = LY;
				TargetAttributes = {
					9F50303C1CA30CC50018AEC7 = {
						CreatedOnToolsVersion = 7.2;
					};
				};
			};
			buildConfigurationList = 9F5030381CA30CC50018AEC7 /* Build configuration list for PBXProject "runTimeDemo2" */;
			compatibilityVersion = "Xcode 3.2";
			developmentRegion = English;
			hasScannedForEncodings = 0;
			knownRegions = (
				en,
			);
			mainGroup = 9F5030341CA30CC50018AEC7;
			productRefGroup = 9F50303E1CA30CC50018AEC7 /* Products */;
			projectDirPath = "";
			projectRoot = "";
			targets = (
				9F50303C1CA30CC50018AEC7 /* runTimeDemo2 */,
			);
		};
/* End PBXProject section */

/* Begin PBXSourcesBuildPhase section */
		9F5030391CA30CC50018AEC7 /* Sources */ = {
			isa = PBXSourcesBuildPhase;
			buildActionMask = 2147483647;
			files = (
				9F5030411CA30CC50018AEC7 /* main.m in Sources */,
				9F50304F1CA30DBB0018AEC7 /* ClassPropertyTest.m in Sources */,
				9F5030491CA30CF20018AEC7 /* CustomClass.m in Sources */,
				9F50304C1CA30D550018AEC7 /* CustomClassOther.m in Sources */,
			);
			runOnlyForDeploymentPostprocessing = 0;
		};
/* End PBXSourcesBuildPhase section */

/* Begin XCBuildConfiguration section */
		9F5030421CA30CC50018AEC7 /* Debug */ = {
			isa = XCBuildConfiguration;
			buildSettings = {
				ALWAYS_SEARCH_USER_PATHS = NO;
				CLANG_CXX_LANGUAGE_STANDARD = "gnu++0x";
				CLANG_CXX_LIBRARY = "libc++";
				CLANG_ENABLE_MODULES = YES;
				CLANG_ENABLE_OBJC_ARC = YES;
				CLANG_WARN_BOOL_CONVERSION = YES;
				CLANG_WARN_CONSTANT_CONVERSION = YES;
				CLANG_WARN_DIRECT_OBJC_ISA_USAGE = YES_ERROR;
				CLANG_WARN_EMPTY_BODY = YES;
				CLANG_WARN_ENUM_CONVERSION = YES;
				CLANG_WARN_INT_CONVERSION = YES;
				CLANG_WARN_OBJC_ROOT_CLASS = YES_ERROR;
				CLANG_WARN_UNREACHABLE_CODE = YES;
				CLANG_WARN__DUPLICATE_METHOD_MATCH = YES;
				CODE_SIGN_IDENTITY = "-";
				COPY_PHASE_STRIP = NO;
				DEBUG_INFORMATION_FORMAT = dwarf;
				ENABLE_STRICT_OBJC_MSGSEND = YES;
				ENABLE_TESTABILITY = YES;
				GCC_C_LANGUAGE_STANDARD = gnu99;
				GCC_DYNAMIC_NO_PIC = NO;
				GCC_NO_COMMON_BLOCKS = YES;
				GCC_OPTIMIZATION_LEVEL = 0;
				GCC_PREPROCESSOR_DEFINITIONS = (
					"DEBUG=1",
					"$(inherited)",
				);
				GCC_WARN_64_TO_32_BIT_CONVERSION = YES;
				GCC_WARN_ABOUT_RETURN_TYPE = YES_ERROR;
				GCC_WARN_UNDECLARED_SELECTOR = YES;
				GCC_WARN_UNINITIALIZED_AUTOS = YES_AGGRESSIVE;
				GCC_WARN_UNUSED_FUNCTION = YES;
				GCC_WARN_UNUSED_VARIABLE = YES;
				MACOSX_DEPLOYMENT_TARGET = 10.11;
				MTL_ENABLE_DEBUG_INFO = YES;
				ONLY_ACTIVE_ARCH = YES;
				SDKROOT = macosx;
			};
			name = Debug;
		};
		9F5030431CA30CC50018AEC7 /* Release */ = {
			isa = XCBuildConfiguration;
			buildSettings = {
				ALWAYS_SEARCH_USER_PATHS = NO;
				CLANG_CXX_LANGUAGE_STANDARD = "gnu++0x";
				CLANG_CXX_LIBRARY = "libc++";
				CLANG_ENABLE_MODULES = YES;
				CLANG_ENABLE_OBJC_ARC = YES;
				CLANG_WARN_BOOL_CONVERSION = YES;
				CLANG_WARN_CONSTANT_CONVERSION = YES;
				CLANG_WARN_DIRECT_OBJC_ISA_USAGE = YES_ERROR;
				CLANG_WARN_EMPTY_BODY = YES;
				CLANG_WARN_ENUM_CONVERSION = YES;
				CLANG_WARN_INT_CONVERSION = YES;
				CLANG_WARN_OBJC_ROOT_CLASS = YES_ERROR;
				CLANG_WARN_UNREACHABLE_CODE = YES;
				CLANG_WARN__DUPLICATE_METHOD_MATCH = YES;
				CODE_SIGN_IDENTITY = "-";
				COPY_PHASE_STRIP = NO;
				DEBUG_INFORMATION_FORMAT = "dwarf-with-dsym";
				ENABLE_NS_ASSERTIONS = NO;
				ENABLE_STRICT_OBJC_MSGSEND = YES;
				GCC_C_LANGUAGE_STANDARD = gnu99;
				GCC_NO_COMMON_BLOCKS = YES;
				GCC_WARN_64_TO_32_BIT_CONVERSION = YES;
				GCC_WARN_ABOUT_RETURN_TYPE = YES_ERROR;
				GCC_WARN_UNDECLARED_SELECTOR = YES;
				GCC_WARN_UNINITIALIZED_AUTOS = YES_AGGRESSIVE;
				GCC_WARN_UNUSED_FUNCTION = YES;
				GCC_WARN_UNUSED_VARIABLE = YES;
				MACOSX_DEPLOYMENT_TARGET = 10.11;
				MTL_ENABLE_DEBUG_INFO = NO;
				SDKROOT = macosx;
			};
			name = Release;
		};
		9F5030451CA30CC50018AEC7 /* Debug */ = {
			isa = XCBuildConfiguration;
			buildSettings = {
				PRODUCT_NAME = "$(TARGET_NAME)";
			};
			name = Debug;
		};
		9F5030461CA30CC50018AEC7 /* Release */ = {
			isa = XCBuildConfiguration;
			buildSettings = {
				PRODUCT_NAME = "$(TARGET_NAME)";
			};
			name = Release;
		};
/* End XCBuildConfiguration section */

/* Begin XCConfigurationList section */
		9F5030381CA30CC50018AEC7 /* Build configuration list for PBXProject "runTimeDemo2" */ = {
			isa = XCConfigurationList;
			buildConfigurations = (
				9F5030421CA30CC50018AEC7 /* Debug */,
				9F5030431CA30CC50018AEC7 /* Release */,
			);
			defaultConfigurationIsVisible = 0;
			defaultConfigurationName = Release;
		};
		9F5030441CA30CC50018AEC7 /* Build configuration list for PBXNativeTarget "runTimeDemo2" */ = {
			isa = XCConfigurationList;
			buildConfigurations = (
				9F5030451CA30CC50018AEC7 /* Debug */,
				9F5030461CA30CC50018AEC7 /* Release */,
			);
			defaultConfigurationIsVisible = 0;
		};
/* End XCConfigurationList section */
	};
	rootObject = 9F5030351CA30CC50018AEC7 /* Project object */;
}
